{
  "name": "mongobox",
  "version": "0.1.0",
  "lockfileVersion": 1,
  "requires": true,
  "dependencies": {
    "freeport": {
      "version": "1.0.5",
      "resolved": "https://registry.npmjs.org/freeport/-/freeport-1.0.5.tgz",
      "integrity": "sha1-JV6KuEFwwzuoXZkOghrl9KGpvF0="
    },
    "lodash": {
      "version": "4.17.21",
      "resolved": "https://registry.npmjs.org/lodash/-/lodash-4.17.21.tgz",
      "integrity": "sha512-v2kDEe57lecTulaDIuNTPy3Ry4gLGJ6Z1O3vE1krgXZNrsQ+LFTGHVxVjcXPs17LhbZVGedAJv8XZ1tvj5FvSg=="
    },
    "package": {
      "version": "1.0.1",
      "resolved": "https://registry.npmjs.org/package/-/package-1.0.1.tgz",
      "integrity": "sha1-0lofmeJQbcsn1nBLg9yooxLk7cw="
    },
    "temporary": {
      "version": "0.0.8",
      "resolved": "https://registry.npmjs.org/temporary/-/temporary-0.0.8.tgz",
      "integrity": "sha1-oYqYHSi6jKNgJ/s8MFOMPst0CsA=",
      "requires": {
        "package": ">= 1.0.0 < 1.2.0"
      }
    }
  }
}
